schema: '2.0'
stages:
  data_ingestion:
    cmd: PYTHONPATH=src python 
      src/crop_recommendation/pipelines/pipeline_01_data_ingestion.py
    deps:
    - path: config/config.yaml
      hash: md5
      md5: ef575cd551e95f047495e847c0215a6c
      size: 466
    - path: data/raw/Crop_recommendation.csv
      hash: md5
      md5: 5e743dd4cf49f84d23a904cd51c9b5b8
      size: 150034
    - path: src/crop_recommendation/components/data_ingestion.py
      hash: md5
      md5: 88795cfe51fa143b410e4d4c18f782fd
      size: 2540
    - path: src/crop_recommendation/config/config.py
      hash: md5
      md5: 7295efc92e9bc91b788699a7bf7fb285
      size: 1832
    - path: src/crop_recommendation/entity/entity.py
      hash: md5
      md5: 91f5d3c14fbdf0198c76101164ac58c9
      size: 359
    outs:
    - path: artifacts/data_ingestion/raw.csv
      hash: md5
      md5: 2e81cfd2e833e7baacd25812ae84488a
      size: 147817
    - path: artifacts/data_ingestion/test.csv
      hash: md5
      md5: 7da7577b2478f3a81ed1cfc1f40602ff
      size: 29683
    - path: artifacts/data_ingestion/train.csv
      hash: md5
      md5: 720b2955bd37b8cb8b6d639ce32ab9fa
      size: 118179
  data_validation:
    cmd: PYTHONPATH=src python 
      src/crop_recommendation/pipelines/pipeline_02_data_validation.py
    deps:
    - path: artifacts/data_ingestion/train.csv
      hash: md5
      md5: 720b2955bd37b8cb8b6d639ce32ab9fa
      size: 118179
    - path: config/config.yaml
      hash: md5
      md5: ef575cd551e95f047495e847c0215a6c
      size: 466
    - path: config/schema.yaml
      hash: md5
      md5: 58ac79dc7aac62f88404417fc11757af
      size: 117
    - path: src/crop_recommendation/components/data_validation.py
      hash: md5
      md5: b1fa6bdc2ee14f9104999e21800b6edf
      size: 1806
    - path: src/crop_recommendation/config/config.py
      hash: md5
      md5: 7295efc92e9bc91b788699a7bf7fb285
      size: 1832
    - path: src/crop_recommendation/entity/entity.py
      hash: md5
      md5: 91f5d3c14fbdf0198c76101164ac58c9
      size: 359
    outs:
    - path: artifacts/data_validation/status.txt
      hash: md5
      md5: f827cf462f62848df37c5e1e94a4da74
      size: 4
