schema: '2.0'
stages:
  data_ingestion:
    cmd: PYTHONPATH=src python 
      src/crop_recommendation/pipelines/pipeline_01_data_ingestion.py
    deps:
    - path: config/config.yaml
      hash: md5
      md5: 163fe53695b0724b59250662d09971e1
      size: 1450
    - path: data/raw/Crop_recommendation.csv
      hash: md5
      md5: 5e743dd4cf49f84d23a904cd51c9b5b8
      size: 150034
    - path: src/crop_recommendation/components/data_ingestion.py
      hash: md5
      md5: 88795cfe51fa143b410e4d4c18f782fd
      size: 2540
    - path: src/crop_recommendation/config/config.py
      hash: md5
      md5: b224681fb1ed0e0e36365fe9d617df46
      size: 3898
    - path: src/crop_recommendation/entity/entity.py
      hash: md5
      md5: 9204adafd1baa227776b19623475279d
      size: 919
    outs:
    - path: artifacts/data_ingestion/raw.csv
      hash: md5
      md5: 2e81cfd2e833e7baacd25812ae84488a
      size: 147817
    - path: artifacts/data_ingestion/test.csv
      hash: md5
      md5: 7da7577b2478f3a81ed1cfc1f40602ff
      size: 29683
    - path: artifacts/data_ingestion/train.csv
      hash: md5
      md5: 720b2955bd37b8cb8b6d639ce32ab9fa
      size: 118179
  data_validation:
    cmd: PYTHONPATH=src python 
      src/crop_recommendation/pipelines/pipeline_02_data_validation.py
    deps:
    - path: artifacts/data_ingestion/train.csv
      hash: md5
      md5: 720b2955bd37b8cb8b6d639ce32ab9fa
      size: 118179
    - path: config/config.yaml
      hash: md5
      md5: 163fe53695b0724b59250662d09971e1
      size: 1450
    - path: config/schema.yaml
      hash: md5
      md5: 58ac79dc7aac62f88404417fc11757af
      size: 117
    - path: src/crop_recommendation/components/data_validation.py
      hash: md5
      md5: b1fa6bdc2ee14f9104999e21800b6edf
      size: 1806
    - path: src/crop_recommendation/config/config.py
      hash: md5
      md5: b224681fb1ed0e0e36365fe9d617df46
      size: 3898
    - path: src/crop_recommendation/entity/entity.py
      hash: md5
      md5: 9204adafd1baa227776b19623475279d
      size: 919
    outs:
    - path: artifacts/data_validation/status.txt
      hash: md5
      md5: f827cf462f62848df37c5e1e94a4da74
      size: 4
  data_preprocessing:
    cmd: PYTHONPATH=src python 
      src/crop_recommendation/pipelines/pipeline-03-data_preprocessing.py
    deps:
    - path: artifacts/data_ingestion/test.csv
      hash: md5
      md5: 7da7577b2478f3a81ed1cfc1f40602ff
      size: 29683
    - path: artifacts/data_ingestion/train.csv
      hash: md5
      md5: 720b2955bd37b8cb8b6d639ce32ab9fa
      size: 118179
    - path: src/crop_recommendation/components/data_preprocessing.py
      hash: md5
      md5: 4d5cb81d85b320d6b5727e2de591ff8a
      size: 3543
    - path: src/crop_recommendation/config/config.py
      hash: md5
      md5: b224681fb1ed0e0e36365fe9d617df46
      size: 3898
    - path: src/crop_recommendation/entity/entity.py
      hash: md5
      md5: 9204adafd1baa227776b19623475279d
      size: 919
    outs:
    - path: artifacts/data_preprocessing/label_encoder.pkl
      hash: md5
      md5: 4a8ca9653e3c7c5f807645ea18a13534
      size: 830
    - path: artifacts/data_preprocessing/preprocessor.pkl
      hash: md5
      md5: c56202c1caec37fd5df3078362eb1b5e
      size: 1769
    - path: artifacts/data_preprocessing/test.npy
      hash: md5
      md5: 95b3bc24c72cc1d03cfa3446e28388fb
      size: 28288
    - path: artifacts/data_preprocessing/train.npy
      hash: md5
      md5: 684b537a8d818cf6d0736b6c7a22b7d7
      size: 112768
    - path: data/preprocessed/label_encoder.pkl
      hash: md5
      md5: 4a8ca9653e3c7c5f807645ea18a13534
      size: 830
    - path: data/preprocessed/preprocessor.pkl
      hash: md5
      md5: c56202c1caec37fd5df3078362eb1b5e
      size: 1769
    - path: data/preprocessed/test.npy
      hash: md5
      md5: 95b3bc24c72cc1d03cfa3446e28388fb
      size: 28288
    - path: data/preprocessed/train.npy
      hash: md5
      md5: 684b537a8d818cf6d0736b6c7a22b7d7
      size: 112768
  model_training:
    cmd: PYTHONPATH=src python 
      src/crop_recommendation/pipelines/pipeline-04-model_training.py
    deps:
    - path: artifacts/data_preprocessing/test.npy
      hash: md5
      md5: 95b3bc24c72cc1d03cfa3446e28388fb
      size: 28288
    - path: artifacts/data_preprocessing/train.npy
      hash: md5
      md5: 684b537a8d818cf6d0736b6c7a22b7d7
      size: 112768
    - path: config/config.yaml
      hash: md5
      md5: 163fe53695b0724b59250662d09971e1
      size: 1450
    - path: src/crop_recommendation/components/model_training.py
      hash: md5
      md5: a4c8144648540b18563182cfa5405e97
      size: 4798
    - path: src/crop_recommendation/config/config.py
      hash: md5
      md5: b224681fb1ed0e0e36365fe9d617df46
      size: 3898
    - path: src/crop_recommendation/entity/entity.py
      hash: md5
      md5: 9204adafd1baa227776b19623475279d
      size: 919
    - path: src/crop_recommendation/pipelines/pipeline-04-model_training.py
      hash: md5
      md5: 3917acd8e7561a00b32fafa54b922abd
      size: 1006
    outs:
    - path: artifacts/model_training/metrics.json
      hash: md5
      md5: 12f2e2acb7b5c7283f4c5770bef0215f
      size: 925
    - path: artifacts/model_training/model.pkl
      hash: md5
      md5: ba5980fc2a9d96f163e8bda69b432eb4
      size: 3547545
